{
  "originHash" : "e85206ec5ddc26800ebf89c27fbdf356e4e6bf23e070ff2b6bb7c21873212f4a",
  "pins" : [
    {
      "identity" : "feather-mail",
      "kind" : "remoteSourceControl",
      "location" : "https://github.com/feather-framework/feather-mail",
      "state" : {
        "revision" : "ce27ad2ed6c31c37c9eeeda6b5192f55b0bf4694",
        "version" : "1.0.0-beta.2"
      }
    },
    {
      "identity" : "swift-http-types",
      "kind" : "remoteSourceControl",
      "location" : "https://github.com/apple/swift-http-types",
      "state" : {
        "revision" : "45eb0224913ea070ec4fba17291b9e7ecf4749ca",
        "version" : "1.5.1"
      }
    },
    {
      "identity" : "swift-openapi-runtime",
      "kind" : "remoteSourceControl",
      "location" : "https://github.com/apple/swift-openapi-runtime",
      "state" : {
        "revision" : "7cdf33371bf89b23b9cf4fd3ce8d3c825c28fbe8",
        "version" : "1.9.0"
      }
    }
  ],
  "version" : 3
}
